
Microsoft Visual Studio Solution File, Format Version 12.00
# Visual Studio Version 17
VisualStudioVersion = 17.2.32210.308
MinimumVisualStudioVersion = 10.0.40219.1
Project("{9A19103F-16F7-4668-BE54-9A1E7A4F7556}") = "MiddlewareExample", "MiddlewareExample.csproj", "{85DB7D47-4321-43A7-AF05-AA29D7032E03}"
EndProject
Global
	GlobalSection(SolutionConfigurationPlatforms) = preSolution
		Debug|Any CPU = Debug|Any CPU
		Release|Any CPU = Release|Any CPU
	EndGlobalSection
	GlobalSection(ProjectConfigurationPlatforms) = postSolution
		{85DB7D47-4321-43A7-AF05-AA29D7032E03}.Debug|Any CPU.ActiveCfg = Debug|Any CPU
		{85DB7D47-4321-43A7-AF05-AA29D7032E03}.Debug|Any CPU.Build.0 = Debug|Any CPU
		{85DB7D47-4321-43A7-AF05-AA29D7032E03}.Release|Any CPU.ActiveCfg = Release|Any CPU
		{85DB7D47-4321-43A7-AF05-AA29D7032E03}.Release|Any CPU.Build.0 = Release|Any CPU
	EndGlobalSection
	GlobalSection(SolutionProperties) = preSolution
		HideSolutionNode = FALSE
	EndGlobalSection
	GlobalSection(ExtensibilityGlobals) = postSolution
		SolutionGuid = {7FD4AFB1-2113-487E-B059-B33482A3090C}
	EndGlobalSection
EndGlobal
